
Microsoft Visual Studio Solution File, Format Version 12.00
# Visual Studio 15
VisualStudioVersion = 15.0.27703.2035
MinimumVisualStudioVersion = 10.0.40219.1
Project("{FAE04EC0-301F-11D3-BF4B-00C04F79EFBC}") = "Bot_Dofus_1.29.1", "Bot_Dofus_1.29.1.csproj", "{4D75BA55-AB81-4D84-97CC-2445D56D8E2A}"
EndProject
Global
	GlobalSection(SolutionConfigurationPlatforms) = preSolution
		Debug|Any CPU = Debug|Any CPU
		Release|Any CPU = Release|Any CPU
	EndGlobalSection
	GlobalSection(ProjectConfigurationPlatforms) = postSolution
		{4D75BA55-AB81-4D84-97CC-2445D56D8E2A}.Debug|Any CPU.ActiveCfg = Debug|Any CPU
		{4D75BA55-AB81-4D84-97CC-2445D56D8E2A}.Debug|Any CPU.Build.0 = Debug|Any CPU
		{4D75BA55-AB81-4D84-97CC-2445D56D8E2A}.Release|Any CPU.ActiveCfg = Release|Any CPU
		{4D75BA55-AB81-4D84-97CC-2445D56D8E2A}.Release|Any CPU.Build.0 = Release|Any CPU
	EndGlobalSection
	GlobalSection(SolutionProperties) = preSolution
		HideSolutionNode = FALSE
	EndGlobalSection
	GlobalSection(ExtensibilityGlobals) = postSolution
		SolutionGuid = {3D54D05C-A5A9-40CB-A11C-2C6D6AC62B00}
	EndGlobalSection
EndGlobal
